
Microsoft Visual Studio Solution File, Format Version 12.00
# Visual Studio Version 17
VisualStudioVersion = 17.11.35222.181
MinimumVisualStudioVersion = 10.0.40219.1
Project("{9A19103F-16F7-4668-BE54-9A1E7A4F7556}") = "MyTodos", "MyTodos\MyTodos.csproj", "{DA06B706-97BE-4F74-B4A4-06DB0BF4EB7E}"
EndProject
Global
	GlobalSection(SolutionConfigurationPlatforms) = preSolution
		Debug|Any CPU = Debug|Any CPU
		Release|Any CPU = Release|Any CPU
	EndGlobalSection
	GlobalSection(ProjectConfigurationPlatforms) = postSolution
		{DA06B706-97BE-4F74-B4A4-06DB0BF4EB7E}.Debug|Any CPU.ActiveCfg = Debug|Any CPU
		{DA06B706-97BE-4F74-B4A4-06DB0BF4EB7E}.Debug|Any CPU.Build.0 = Debug|Any CPU
		{DA06B706-97BE-4F74-B4A4-06DB0BF4EB7E}.Debug|Any CPU.Deploy.0 = Debug|Any CPU
		{DA06B706-97BE-4F74-B4A4-06DB0BF4EB7E}.Release|Any CPU.ActiveCfg = Release|Any CPU
		{DA06B706-97BE-4F74-B4A4-06DB0BF4EB7E}.Release|Any CPU.Build.0 = Release|Any CPU
		{DA06B706-97BE-4F74-B4A4-06DB0BF4EB7E}.Release|Any CPU.Deploy.0 = Release|Any CPU
	EndGlobalSection
	GlobalSection(SolutionProperties) = preSolution
		HideSolutionNode = FALSE
	EndGlobalSection
	GlobalSection(ExtensibilityGlobals) = postSolution
		SolutionGuid = {DBD45B82-4C51-4742-9B44-00CDEFB7089C}
	EndGlobalSection
EndGlobal
